
Microsoft Visual Studio Solution File, Format Version 12.00
# Visual Studio Version 17
VisualStudioVersion = 17.2.32526.322
MinimumVisualStudioVersion = 10.0.40219.1
Project("{9A19103F-16F7-4668-BE54-9A1E7A4F7556}") = "AHPA 10 - The Car Problem", "AHPA 10 - The Car Problem\AHPA 10 - The Car Problem.csproj", "{79C4E1AA-3614-478D-A394-462BB5B72333}"
EndProject
Project("{FAE04EC0-301F-11D3-BF4B-00C04F79EFBC}") = "AHPA 13 - Pizza Juggling - CS Version", "AHPA 13 - Pizza Juggling - CS Version\AHPA 13 - Pizza Juggling - CS Version.csproj", "{4E69ED53-666C-45CD-AF06-896B594255E1}"
EndProject
Project("{9A19103F-16F7-4668-BE54-9A1E7A4F7556}") = "AHPA 05 - Money and Party", "AHPA 05 - Money and Party\AHPA 05 - Money and Party.csproj", "{FD840FB7-DAF7-4543-822A-20770467286E}"
EndProject
Project("{9A19103F-16F7-4668-BE54-9A1E7A4F7556}") = "AHPA 06 - Birthdays", "AHPA 06 - Birthdays\AHPA 06 - Birthdays.csproj", "{EB79074E-73A6-4827-84A4-DB60AFB24841}"
EndProject
Project("{9A19103F-16F7-4668-BE54-9A1E7A4F7556}") = "AHPA 07 - The Party", "AHPA 07 - The Party\AHPA 07 - The Party.csproj", "{B2707A84-6267-4C60-B87C-0DD7A701D930}"
EndProject
Project("{9A19103F-16F7-4668-BE54-9A1E7A4F7556}") = "AHPA 08 - The Stamp Collector", "AHPA 08 - The Stamp Collector\AHPA 08 - The Stamp Collector.csproj", "{3DA293F4-5F8A-4BF9-B2FE-5DE4DAE1C39C}"
EndProject
Project("{FAE04EC0-301F-11D3-BF4B-00C04F79EFBC}") = "AHPA 13 - Pizza Juggling - XAML Version", "AHPA 13 - Pizza Juggling - XAML Version\AHPA 13 - Pizza Juggling - XAML Version.csproj", "{7734F199-D68D-4808-BF47-1AC64D74CC92}"
EndProject
Project("{FAE04EC0-301F-11D3-BF4B-00C04F79EFBC}") = "AHPA 14 - Intro to Soccer", "AHPA 14 - Intro to Soccer\AHPA 14 - Intro to Soccer.csproj", "{E4C997CA-CA73-4CEC-96A1-E9E989575854}"
EndProject
Project("{FAE04EC0-301F-11D3-BF4B-00C04F79EFBC}") = "AHPA 15 - Student Data", "AHPA 15 - Student Data\AHPA 15 - Student Data.csproj", "{29E7A9AF-D7C1-458E-A5DD-18C1071F8F8D}"
EndProject
Project("{FAE04EC0-301F-11D3-BF4B-00C04F79EFBC}") = "AHPA 19 - The Middle Name Problem", "AHPA 19 - The Middle Name Problem\AHPA 19 - The Middle Name Problem.csproj", "{0B6612CA-B7A0-46B9-93DB-29AB0BD11D67}"
EndProject
Project("{FAE04EC0-301F-11D3-BF4B-00C04F79EFBC}") = "AHPA 20 - The Missing File", "AHPA 20 - The Missing File\AHPA 20 - The Missing File.csproj", "{768E9BEF-9E02-4953-8E84-F766FAB2C0D0}"
EndProject
Global
	GlobalSection(SolutionConfigurationPlatforms) = preSolution
		Debug|Any CPU = Debug|Any CPU
		Release|Any CPU = Release|Any CPU
	EndGlobalSection
	GlobalSection(ProjectConfigurationPlatforms) = postSolution
		{79C4E1AA-3614-478D-A394-462BB5B72333}.Debug|Any CPU.ActiveCfg = Debug|Any CPU
		{79C4E1AA-3614-478D-A394-462BB5B72333}.Debug|Any CPU.Build.0 = Debug|Any CPU
		{79C4E1AA-3614-478D-A394-462BB5B72333}.Release|Any CPU.ActiveCfg = Release|Any CPU
		{79C4E1AA-3614-478D-A394-462BB5B72333}.Release|Any CPU.Build.0 = Release|Any CPU
		{4E69ED53-666C-45CD-AF06-896B594255E1}.Debug|Any CPU.ActiveCfg = Debug|Any CPU
		{4E69ED53-666C-45CD-AF06-896B594255E1}.Debug|Any CPU.Build.0 = Debug|Any CPU
		{4E69ED53-666C-45CD-AF06-896B594255E1}.Release|Any CPU.ActiveCfg = Release|Any CPU
		{4E69ED53-666C-45CD-AF06-896B594255E1}.Release|Any CPU.Build.0 = Release|Any CPU
		{FD840FB7-DAF7-4543-822A-20770467286E}.Debug|Any CPU.ActiveCfg = Debug|Any CPU
		{FD840FB7-DAF7-4543-822A-20770467286E}.Debug|Any CPU.Build.0 = Debug|Any CPU
		{FD840FB7-DAF7-4543-822A-20770467286E}.Release|Any CPU.ActiveCfg = Release|Any CPU
		{FD840FB7-DAF7-4543-822A-20770467286E}.Release|Any CPU.Build.0 = Release|Any CPU
		{EB79074E-73A6-4827-84A4-DB60AFB24841}.Debug|Any CPU.ActiveCfg = Debug|Any CPU
		{EB79074E-73A6-4827-84A4-DB60AFB24841}.Debug|Any CPU.Build.0 = Debug|Any CPU
		{EB79074E-73A6-4827-84A4-DB60AFB24841}.Release|Any CPU.ActiveCfg = Release|Any CPU
		{EB79074E-73A6-4827-84A4-DB60AFB24841}.Release|Any CPU.Build.0 = Release|Any CPU
		{B2707A84-6267-4C60-B87C-0DD7A701D930}.Debug|Any CPU.ActiveCfg = Debug|Any CPU
		{B2707A84-6267-4C60-B87C-0DD7A701D930}.Debug|Any CPU.Build.0 = Debug|Any CPU
		{B2707A84-6267-4C60-B87C-0DD7A701D930}.Release|Any CPU.ActiveCfg = Release|Any CPU
		{B2707A84-6267-4C60-B87C-0DD7A701D930}.Release|Any CPU.Build.0 = Release|Any CPU
		{3DA293F4-5F8A-4BF9-B2FE-5DE4DAE1C39C}.Debug|Any CPU.ActiveCfg = Debug|Any CPU
		{3DA293F4-5F8A-4BF9-B2FE-5DE4DAE1C39C}.Debug|Any CPU.Build.0 = Debug|Any CPU
		{3DA293F4-5F8A-4BF9-B2FE-5DE4DAE1C39C}.Release|Any CPU.ActiveCfg = Release|Any CPU
		{3DA293F4-5F8A-4BF9-B2FE-5DE4DAE1C39C}.Release|Any CPU.Build.0 = Release|Any CPU
		{7734F199-D68D-4808-BF47-1AC64D74CC92}.Debug|Any CPU.ActiveCfg = Debug|Any CPU
		{7734F199-D68D-4808-BF47-1AC64D74CC92}.Debug|Any CPU.Build.0 = Debug|Any CPU
		{7734F199-D68D-4808-BF47-1AC64D74CC92}.Release|Any CPU.ActiveCfg = Release|Any CPU
		{7734F199-D68D-4808-BF47-1AC64D74CC92}.Release|Any CPU.Build.0 = Release|Any CPU
		{E4C997CA-CA73-4CEC-96A1-E9E989575854}.Debug|Any CPU.ActiveCfg = Debug|Any CPU
		{E4C997CA-CA73-4CEC-96A1-E9E989575854}.Debug|Any CPU.Build.0 = Debug|Any CPU
		{E4C997CA-CA73-4CEC-96A1-E9E989575854}.Release|Any CPU.ActiveCfg = Release|Any CPU
		{E4C997CA-CA73-4CEC-96A1-E9E989575854}.Release|Any CPU.Build.0 = Release|Any CPU
		{29E7A9AF-D7C1-458E-A5DD-18C1071F8F8D}.Debug|Any CPU.ActiveCfg = Debug|Any CPU
		{29E7A9AF-D7C1-458E-A5DD-18C1071F8F8D}.Debug|Any CPU.Build.0 = Debug|Any CPU
		{29E7A9AF-D7C1-458E-A5DD-18C1071F8F8D}.Release|Any CPU.ActiveCfg = Release|Any CPU
		{29E7A9AF-D7C1-458E-A5DD-18C1071F8F8D}.Release|Any CPU.Build.0 = Release|Any CPU
		{0B6612CA-B7A0-46B9-93DB-29AB0BD11D67}.Debug|Any CPU.ActiveCfg = Debug|Any CPU
		{0B6612CA-B7A0-46B9-93DB-29AB0BD11D67}.Debug|Any CPU.Build.0 = Debug|Any CPU
		{0B6612CA-B7A0-46B9-93DB-29AB0BD11D67}.Release|Any CPU.ActiveCfg = Release|Any CPU
		{0B6612CA-B7A0-46B9-93DB-29AB0BD11D67}.Release|Any CPU.Build.0 = Release|Any CPU
		{768E9BEF-9E02-4953-8E84-F766FAB2C0D0}.Debug|Any CPU.ActiveCfg = Debug|Any CPU
		{768E9BEF-9E02-4953-8E84-F766FAB2C0D0}.Debug|Any CPU.Build.0 = Debug|Any CPU
		{768E9BEF-9E02-4953-8E84-F766FAB2C0D0}.Release|Any CPU.ActiveCfg = Release|Any CPU
		{768E9BEF-9E02-4953-8E84-F766FAB2C0D0}.Release|Any CPU.Build.0 = Release|Any CPU
	EndGlobalSection
	GlobalSection(SolutionProperties) = preSolution
		HideSolutionNode = FALSE
	EndGlobalSection
	GlobalSection(ExtensibilityGlobals) = postSolution
		SolutionGuid = {341060E0-F1AC-466E-B73D-320D86D27687}
	EndGlobalSection
EndGlobal
