
Microsoft Visual Studio Solution File, Format Version 12.00
# Visual Studio Version 17
VisualStudioVersion = 17.2.32526.322
MinimumVisualStudioVersion = 10.0.40219.1
Project("{FAE04EC0-301F-11D3-BF4B-00C04F79EFBC}") = "AHPA 5 - Money and Party", "AHPA 5 - Money and Party\AHPA 5 - Money and Party.csproj", "{E23D6995-3CF0-46CC-830A-91E73E71FF9B}"
EndProject
Global
	GlobalSection(SolutionConfigurationPlatforms) = preSolution
		Debug|Any CPU = Debug|Any CPU
		Release|Any CPU = Release|Any CPU
	EndGlobalSection
	GlobalSection(ProjectConfigurationPlatforms) = postSolution
		{E23D6995-3CF0-46CC-830A-91E73E71FF9B}.Debug|Any CPU.ActiveCfg = Debug|Any CPU
		{E23D6995-3CF0-46CC-830A-91E73E71FF9B}.Debug|Any CPU.Build.0 = Debug|Any CPU
		{E23D6995-3CF0-46CC-830A-91E73E71FF9B}.Release|Any CPU.ActiveCfg = Release|Any CPU
		{E23D6995-3CF0-46CC-830A-91E73E71FF9B}.Release|Any CPU.Build.0 = Release|Any CPU
	EndGlobalSection
	GlobalSection(SolutionProperties) = preSolution
		HideSolutionNode = FALSE
	EndGlobalSection
	GlobalSection(ExtensibilityGlobals) = postSolution
		SolutionGuid = {341060E0-F1AC-466E-B73D-320D86D27687}
	EndGlobalSection
EndGlobal
